
Microsoft Visual Studio Solution File, Format Version 12.00
# Visual Studio Version 16
VisualStudioVersion = 16.0.32802.440
MinimumVisualStudioVersion = 10.0.40219.1
Project("{FAE04EC0-301F-11D3-BF4B-00C04F79EFBC}") = "WeatAPI", "WeatAPI\WeatAPI.csproj", "{700BA7C9-CBE2-4FA0-9D63-15AA7ED35A16}"
EndProject
Project("{FAE04EC0-301F-11D3-BF4B-00C04F79EFBC}") = "WeatAPImodels", "WeatAPImodels\WeatAPImodels.csproj", "{879BF4FD-4466-41E4-BD82-2D97AFA89180}"
EndProject
Project("{FAE04EC0-301F-11D3-BF4B-00C04F79EFBC}") = "WeatAPIBo", "WeatAPIBo\WeatAPIBo.csproj", "{5B85BE60-96EA-4F93-9B2B-1BAEC3DC3088}"
EndProject
Project("{FAE04EC0-301F-11D3-BF4B-00C04F79EFBC}") = "WeatAPICommon", "WeatAPICommon\WeatAPICommon.csproj", "{C0C7CE06-F2FF-4057-9000-5926535BF165}"
EndProject
Global
	GlobalSection(SolutionConfigurationPlatforms) = preSolution
		Debug|Any CPU = Debug|Any CPU
		Release|Any CPU = Release|Any CPU
	EndGlobalSection
	GlobalSection(ProjectConfigurationPlatforms) = postSolution
		{700BA7C9-CBE2-4FA0-9D63-15AA7ED35A16}.Debug|Any CPU.ActiveCfg = Debug|Any CPU
		{700BA7C9-CBE2-4FA0-9D63-15AA7ED35A16}.Debug|Any CPU.Build.0 = Debug|Any CPU
		{700BA7C9-CBE2-4FA0-9D63-15AA7ED35A16}.Release|Any CPU.ActiveCfg = Release|Any CPU
		{700BA7C9-CBE2-4FA0-9D63-15AA7ED35A16}.Release|Any CPU.Build.0 = Release|Any CPU
		{879BF4FD-4466-41E4-BD82-2D97AFA89180}.Debug|Any CPU.ActiveCfg = Debug|Any CPU
		{879BF4FD-4466-41E4-BD82-2D97AFA89180}.Debug|Any CPU.Build.0 = Debug|Any CPU
		{879BF4FD-4466-41E4-BD82-2D97AFA89180}.Release|Any CPU.ActiveCfg = Release|Any CPU
		{879BF4FD-4466-41E4-BD82-2D97AFA89180}.Release|Any CPU.Build.0 = Release|Any CPU
		{5B85BE60-96EA-4F93-9B2B-1BAEC3DC3088}.Debug|Any CPU.ActiveCfg = Debug|Any CPU
		{5B85BE60-96EA-4F93-9B2B-1BAEC3DC3088}.Debug|Any CPU.Build.0 = Debug|Any CPU
		{5B85BE60-96EA-4F93-9B2B-1BAEC3DC3088}.Release|Any CPU.ActiveCfg = Release|Any CPU
		{5B85BE60-96EA-4F93-9B2B-1BAEC3DC3088}.Release|Any CPU.Build.0 = Release|Any CPU
		{C0C7CE06-F2FF-4057-9000-5926535BF165}.Debug|Any CPU.ActiveCfg = Debug|Any CPU
		{C0C7CE06-F2FF-4057-9000-5926535BF165}.Debug|Any CPU.Build.0 = Debug|Any CPU
		{C0C7CE06-F2FF-4057-9000-5926535BF165}.Release|Any CPU.ActiveCfg = Release|Any CPU
		{C0C7CE06-F2FF-4057-9000-5926535BF165}.Release|Any CPU.Build.0 = Release|Any CPU
	EndGlobalSection
	GlobalSection(SolutionProperties) = preSolution
		HideSolutionNode = FALSE
	EndGlobalSection
	GlobalSection(ExtensibilityGlobals) = postSolution
		SolutionGuid = {2128FC52-7DE0-47EE-ADE5-C88E8730DBC4}
	EndGlobalSection
EndGlobal
